
Microsoft Visual Studio Solution File, Format Version 12.00
# Visual Studio Version 17
VisualStudioVersion = 17.14.36915.13 d17.14
MinimumVisualStudioVersion = 10.0.40219.1
Project("{FAE04EC0-301F-11D3-BF4B-00C04F79EFBC}") = "3DDungeonCrawler", "3DDungeonCrawler.csproj", "{B67B7047-7ABF-2BAE-3836-60B4E00B2064}"
EndProject
Global
	GlobalSection(SolutionConfigurationPlatforms) = preSolution
		Debug|Any CPU = Debug|Any CPU
		Release|Any CPU = Release|Any CPU
	EndGlobalSection
	GlobalSection(ProjectConfigurationPlatforms) = postSolution
		{B67B7047-7ABF-2BAE-3836-60B4E00B2064}.Debug|Any CPU.ActiveCfg = Debug|Any CPU
		{B67B7047-7ABF-2BAE-3836-60B4E00B2064}.Debug|Any CPU.Build.0 = Debug|Any CPU
		{B67B7047-7ABF-2BAE-3836-60B4E00B2064}.Release|Any CPU.ActiveCfg = Release|Any CPU
		{B67B7047-7ABF-2BAE-3836-60B4E00B2064}.Release|Any CPU.Build.0 = Release|Any CPU
	EndGlobalSection
	GlobalSection(SolutionProperties) = preSolution
		HideSolutionNode = FALSE
	EndGlobalSection
	GlobalSection(ExtensibilityGlobals) = postSolution
		SolutionGuid = {90E10031-3ABD-41C4-9451-A66D38FA040D}
	EndGlobalSection
EndGlobal
